
Microsoft Visual Studio Solution File, Format Version 12.00
# Visual Studio 2013
VisualStudioVersion = 12.0.21005.1
MinimumVisualStudioVersion = 10.0.40219.1
Project("{FAE04EC0-301F-11D3-BF4B-00C04F79EFBC}") = "TaxiServiceDempAppWithSQLServer", "TaxiServiceDempAppWithSQLServer\TaxiServiceDempAppWithSQLServer.csproj", "{2D1432C7-AAAF-4B30-8D03-EF73060CA0F2}"
EndProject
Project("{FAE04EC0-301F-11D3-BF4B-00C04F79EFBC}") = "TaxiServiceDempAppWithXML", "TaxiServiceDempAppWithXML\TaxiServiceDempAppWithXML.csproj", "{C813E276-41C0-4175-BC26-0BE2B7F24077}"
EndProject
Global
	GlobalSection(TeamFoundationVersionControl) = preSolution
		SccNumberOfProjects = 3
		SccEnterpriseProvider = {4CA58AB2-18FA-4F8D-95D4-32DDF27D184C}
		SccTeamFoundationServer = https://tfs.codeplex.com/tfs/tfs35
		SccLocalPath0 = .
		SccProjectUniqueName1 = TaxiServiceDempAppWithSQLServer\\TaxiServiceDempAppWithSQLServer.csproj
		SccProjectName1 = TaxiServiceDempAppWithSQLServer
		SccLocalPath1 = TaxiServiceDempAppWithSQLServer
		SccProjectUniqueName2 = TaxiServiceDempAppWithXML\\TaxiServiceDempAppWithXML.csproj
		SccProjectName2 = TaxiServiceDempAppWithXML
		SccLocalPath2 = TaxiServiceDempAppWithXML
	EndGlobalSection
	GlobalSection(SolutionConfigurationPlatforms) = preSolution
		Debug|Any CPU = Debug|Any CPU
		Release|Any CPU = Release|Any CPU
	EndGlobalSection
	GlobalSection(ProjectConfigurationPlatforms) = postSolution
		{2D1432C7-AAAF-4B30-8D03-EF73060CA0F2}.Debug|Any CPU.ActiveCfg = Debug|Any CPU
		{2D1432C7-AAAF-4B30-8D03-EF73060CA0F2}.Debug|Any CPU.Build.0 = Debug|Any CPU
		{2D1432C7-AAAF-4B30-8D03-EF73060CA0F2}.Release|Any CPU.ActiveCfg = Release|Any CPU
		{2D1432C7-AAAF-4B30-8D03-EF73060CA0F2}.Release|Any CPU.Build.0 = Release|Any CPU
		{C813E276-41C0-4175-BC26-0BE2B7F24077}.Debug|Any CPU.ActiveCfg = Debug|Any CPU
		{C813E276-41C0-4175-BC26-0BE2B7F24077}.Debug|Any CPU.Build.0 = Debug|Any CPU
		{C813E276-41C0-4175-BC26-0BE2B7F24077}.Release|Any CPU.ActiveCfg = Release|Any CPU
		{C813E276-41C0-4175-BC26-0BE2B7F24077}.Release|Any CPU.Build.0 = Release|Any CPU
	EndGlobalSection
	GlobalSection(SolutionProperties) = preSolution
		HideSolutionNode = FALSE
	EndGlobalSection
EndGlobal
